
Microsoft Visual Studio Solution File, Format Version 12.00
# Visual Studio Version 17
VisualStudioVersion = 17.10.34825.169
MinimumVisualStudioVersion = 10.0.40219.1
Project("{9A19103F-16F7-4668-BE54-9A1E7A4F7556}") = "BezelEngineArchive_Lib", "BezelEngineArchive_Lib\BezelEngineArchive_Lib.csproj", "{810469FD-D4C4-46D2-904D-4C29A8D29790}"
EndProject
Project("{9A19103F-16F7-4668-BE54-9A1E7A4F7556}") = "BezelEngineArchiveEditor", "BezelEngineArchiveEditor\BezelEngineArchiveEditor.csproj", "{9F701B30-E5E2-4C5B-80B2-78B990F46D3C}"
EndProject
Global
	GlobalSection(SolutionConfigurationPlatforms) = preSolution
		Debug|Any CPU = Debug|Any CPU
		Release|Any CPU = Release|Any CPU
	EndGlobalSection
	GlobalSection(ProjectConfigurationPlatforms) = postSolution
		{810469FD-D4C4-46D2-904D-4C29A8D29790}.Debug|Any CPU.ActiveCfg = Debug|Any CPU
		{810469FD-D4C4-46D2-904D-4C29A8D29790}.Debug|Any CPU.Build.0 = Debug|Any CPU
		{810469FD-D4C4-46D2-904D-4C29A8D29790}.Release|Any CPU.ActiveCfg = Release|Any CPU
		{810469FD-D4C4-46D2-904D-4C29A8D29790}.Release|Any CPU.Build.0 = Release|Any CPU
		{9F701B30-E5E2-4C5B-80B2-78B990F46D3C}.Debug|Any CPU.ActiveCfg = Debug|Any CPU
		{9F701B30-E5E2-4C5B-80B2-78B990F46D3C}.Debug|Any CPU.Build.0 = Debug|Any CPU
		{9F701B30-E5E2-4C5B-80B2-78B990F46D3C}.Release|Any CPU.ActiveCfg = Release|Any CPU
		{9F701B30-E5E2-4C5B-80B2-78B990F46D3C}.Release|Any CPU.Build.0 = Release|Any CPU
	EndGlobalSection
	GlobalSection(SolutionProperties) = preSolution
		HideSolutionNode = FALSE
	EndGlobalSection
	GlobalSection(ExtensibilityGlobals) = postSolution
		SolutionGuid = {122A10BB-836D-404F-BD7A-43DBCF7EE31C}
	EndGlobalSection
EndGlobal
